
Microsoft Visual Studio Solution File, Format Version 12.00
# Visual Studio Version 17
VisualStudioVersion = 17.14.36109.1 d17.14
MinimumVisualStudioVersion = 10.0.40219.1
Project("{FAE04EC0-301F-11D3-BF4B-00C04F79EFBC}") = "eroxia", "eroxia\eroxia.csproj", "{21C33542-9446-4F04-8927-CB37441B2CD6}"
EndProject
Global
	GlobalSection(SolutionConfigurationPlatforms) = preSolution
		Debug|Any CPU = Debug|Any CPU
		Release|Any CPU = Release|Any CPU
	EndGlobalSection
	GlobalSection(ProjectConfigurationPlatforms) = postSolution
		{21C33542-9446-4F04-8927-CB37441B2CD6}.Debug|Any CPU.ActiveCfg = Debug|Any CPU
		{21C33542-9446-4F04-8927-CB37441B2CD6}.Debug|Any CPU.Build.0 = Debug|Any CPU
		{21C33542-9446-4F04-8927-CB37441B2CD6}.Release|Any CPU.ActiveCfg = Release|Any CPU
		{21C33542-9446-4F04-8927-CB37441B2CD6}.Release|Any CPU.Build.0 = Release|Any CPU
	EndGlobalSection
	GlobalSection(SolutionProperties) = preSolution
		HideSolutionNode = FALSE
	EndGlobalSection
	GlobalSection(ExtensibilityGlobals) = postSolution
		SolutionGuid = {6AD6C04F-0058-4E5A-A5EC-C34F70DCDF8D}
	EndGlobalSection
EndGlobal
